Microsoft Visual Studio Solution File, Format Version 11.00
# Visual Studio 2008

Project("{38D81194-DCA5-A825-8762-245A3F3F002E}") = "FBManager_test", "Assembly-CSharp.csproj", "{A9A6A5F2-6E5D-35FE-2780-8E4AC659D0D4}"
EndProject
Project("{38D81194-DCA5-A825-8762-245A3F3F002E}") = "FBManager_test", "Assembly-CSharp-Editor.csproj", "{6E4FF14C-FDB1-3182-4AFE-51BBF4CB8C72}"
EndProject
Global
	GlobalSection(SolutionConfigurationPlatforms) = preSolution
		Debug|Any CPU = Debug|Any CPU
		Release|Any CPU = Release|Any CPU
	EndGlobalSection
	GlobalSection(ProjectConfigurationPlatforms) = postSolution
		{A9A6A5F2-6E5D-35FE-2780-8E4AC659D0D4}.Debug|Any CPU.ActiveCfg = Debug|Any CPU
		{A9A6A5F2-6E5D-35FE-2780-8E4AC659D0D4}.Debug|Any CPU.Build.0 = Debug|Any CPU
		{A9A6A5F2-6E5D-35FE-2780-8E4AC659D0D4}.Release|Any CPU.ActiveCfg = Release|Any CPU
		{A9A6A5F2-6E5D-35FE-2780-8E4AC659D0D4}.Release|Any CPU.Build.0 = Release|Any CPU
		{6E4FF14C-FDB1-3182-4AFE-51BBF4CB8C72}.Debug|Any CPU.ActiveCfg = Debug|Any CPU
		{6E4FF14C-FDB1-3182-4AFE-51BBF4CB8C72}.Debug|Any CPU.Build.0 = Debug|Any CPU
		{6E4FF14C-FDB1-3182-4AFE-51BBF4CB8C72}.Release|Any CPU.ActiveCfg = Release|Any CPU
		{6E4FF14C-FDB1-3182-4AFE-51BBF4CB8C72}.Release|Any CPU.Build.0 = Release|Any CPU
	EndGlobalSection
	GlobalSection(SolutionProperties) = preSolution
		HideSolutionNode = FALSE
	EndGlobalSection
	GlobalSection(MonoDevelopProperties) = preSolution
		StartupItem = Assembly-CSharp.csproj
	EndGlobalSection
EndGlobal
